{
  "pins" : [
    {
      "identity" : "apollo-ios",
      "kind" : "remoteSourceControl",
      "location" : "https://github.com/apollographql/apollo-ios",
      "state" : {
        "revision" : "9aa748d6f0526a744d49d59a2383dc7fdf9d645b",
        "version" : "1.18.0"
      }
    },
    {
      "identity" : "sqlite.swift",
      "kind" : "remoteSourceControl",
      "location" : "https://github.com/stephencelis/SQLite.swift.git",
      "state" : {
        "revision" : "a95fc6df17d108bd99210db5e8a9bac90fe984b8",
        "version" : "0.15.3"
      }
    },
    {
      "identity" : "swift-collections",
      "kind" : "remoteSourceControl",
      "location" : "https://github.com/apple/swift-collections",
      "state" : {
        "revision" : "c1805596154bb3a265fd91b8ac0c4433b4348fb0",
        "version" : "1.2.0"
      }
    },
    {
      "identity" : "swift-eventsource",
      "kind" : "remoteSourceControl",
      "location" : "https://github.com/LaunchDarkly/swift-eventsource.git",
      "state" : {
        "revision" : "57051701c58a93603ffa2051f8e9cf0c8cff7814",
        "version" : "3.3.0"
      }
    }
  ],
  "version" : 2
}
